
Microsoft Visual Studio Solution File, Format Version 12.00
# Visual Studio 15
Project("{FAE04EC0-301F-11D3-BF4B-00C04F79EFBC}") = "Assembly-CSharp", "Assembly-CSharp.csproj", "{A3AC1F5A-C991-C4CD-836D-2D6275E3557C}"
EndProject
Global
	GlobalSection(SolutionConfigurationPlatforms) = preSolution
		Debug|Any CPU = Debug|Any CPU
		Release|Any CPU = Release|Any CPU
	EndGlobalSection
	GlobalSection(ProjectConfigurationPlatforms) = postSolution
		{A3AC1F5A-C991-C4CD-836D-2D6275E3557C}.Debug|Any CPU.ActiveCfg = Debug|Any CPU
		{A3AC1F5A-C991-C4CD-836D-2D6275E3557C}.Debug|Any CPU.Build.0 = Debug|Any CPU
		{A3AC1F5A-C991-C4CD-836D-2D6275E3557C}.Release|Any CPU.ActiveCfg = Release|Any CPU
		{A3AC1F5A-C991-C4CD-836D-2D6275E3557C}.Release|Any CPU.Build.0 = Release|Any CPU
	EndGlobalSection
	GlobalSection(SolutionProperties) = preSolution
		HideSolutionNode = FALSE
	EndGlobalSection
EndGlobal
